// !$*UTF8*$!
{
	archiveVersion = 1;
	classes = {
	};
	objectVersion = 55;
	objects = {

/* Begin PBXBuildFile section */
		8754E003287DA3C300C80CE8 /* AppDelegate.swift in Sources */ = {isa = PBXBuildFile; fileRef = 8754E002287DA3C300C80CE8 /* AppDelegate.swift */; };
		8754E005287DA3C300C80CE8 /* SceneDelegate.swift in Sources */ = {isa = PBXBuildFile; fileRef = 8754E004287DA3C300C80CE8 /* SceneDelegate.swift */; };
		8754E007287DA3C300C80CE8 /* ViewController.swift in Sources */ = {isa = PBXBuildFile; fileRef = 8754E006287DA3C300C80CE8 /* ViewController.swift */; };
		8754E00A287DA3C300C80CE8 /* Main.storyboard in Resources */ = {isa = PBXBuildFile; fileRef = 8754E008287DA3C300C80CE8 /* Main.storyboard */; };
		8754E00C287DA3C400C80CE8 /* Assets.xcassets in Resources */ = {isa = PBXBuildFile; fileRef = 8754E00B287DA3C400C80CE8 /* Assets.xcassets */; };
		8754E00F287DA3C400C80CE8 /* LaunchScreen.storyboard in Resources */ = {isa = PBXBuildFile; fileRef = 8754E00D287DA3C400C80CE8 /* LaunchScreen.storyboard */; };
		8754E01A287DA3C400C80CE8 /* VIPTests.swift in Sources */ = {isa = PBXBuildFile; fileRef = 8754E019287DA3C400C80CE8 /* VIPTests.swift */; };
		8754E024287DA3C400C80CE8 /* VIPUITests.swift in Sources */ = {isa = PBXBuildFile; fileRef = 8754E023287DA3C400C80CE8 /* VIPUITests.swift */; };
		8754E026287DA3C400C80CE8 /* VIPUITestsLaunchTests.swift in Sources */ = {isa = PBXBuildFile; fileRef = 8754E025287DA3C400C80CE8 /* VIPUITestsLaunchTests.swift */; };
		8754E034287DA3E300C80CE8 /* AboboraViewController.swift in Sources */ = {isa = PBXBuildFile; fileRef = 8754E033287DA3E300C80CE8 /* AboboraViewController.swift */; };
		8754E036287DA3EE00C80CE8 /* AboboraInteractor.swift in Sources */ = {isa = PBXBuildFile; fileRef = 8754E035287DA3EE00C80CE8 /* AboboraInteractor.swift */; };
		8754E038287DA3F900C80CE8 /* AboboraPresenter.swift in Sources */ = {isa = PBXBuildFile; fileRef = 8754E037287DA3F900C80CE8 /* AboboraPresenter.swift */; };
		8754E03A287DA40000C80CE8 /* AboboraCoordinator.swift in Sources */ = {isa = PBXBuildFile; fileRef = 8754E039287DA40000C80CE8 /* AboboraCoordinator.swift */; };
		8754E03C287DA40900C80CE8 /* AboboraService.swift in Sources */ = {isa = PBXBuildFile; fileRef = 8754E03B287DA40900C80CE8 /* AboboraService.swift */; };
		8754E03E287DA41300C80CE8 /* AboboraFactory.swift in Sources */ = {isa = PBXBuildFile; fileRef = 8754E03D287DA41300C80CE8 /* AboboraFactory.swift */; };
/* End PBXBuildFile section */

/* Begin PBXContainerItemProxy section */
		8754E016287DA3C400C80CE8 /* PBXContainerItemProxy */ = {
			isa = PBXContainerItemProxy;
			containerPortal = 8754DFF7287DA3C300C80CE8 /* Project object */;
			proxyType = 1;
			remoteGlobalIDString = 8754DFFE287DA3C300C80CE8;
			remoteInfo = VIP;
		};
		8754E020287DA3C400C80CE8 /* PBXContainerItemProxy */ = {
			isa = PBXContainerItemProxy;
			containerPortal = 8754DFF7287DA3C300C80CE8 /* Project object */;
			proxyType = 1;
			remoteGlobalIDString = 8754DFFE287DA3C300C80CE8;
			remoteInfo = VIP;
		};
/* End PBXContainerItemProxy section */

/* Begin PBXFileReference section */
		8754DFFF287DA3C300C80CE8 /* VIP.app */ = {isa = PBXFileReference; explicitFileType = wrapper.application; includeInIndex = 0; path = VIP.app; sourceTree = BUILT_PRODUCTS_DIR; };
		8754E002287DA3C300C80CE8 /* AppDelegate.swift */ = {isa = PBXFileReference; lastKnownFileType = sourcecode.swift; path = AppDelegate.swift; sourceTree = "<group>"; };
		8754E004287DA3C300C80CE8 /* SceneDelegate.swift */ = {isa = PBXFileReference; lastKnownFileType = sourcecode.swift; path = SceneDelegate.swift; sourceTree = "<group>"; };
		8754E006287DA3C300C80CE8 /* ViewController.swift */ = {isa = PBXFileReference; lastKnownFileType = sourcecode.swift; path = ViewController.swift; sourceTree = "<group>"; };
		8754E009287DA3C300C80CE8 /* Base */ = {isa = PBXFileReference; lastKnownFileType = file.storyboard; name = Base; path = Base.lproj/Main.storyboard; sourceTree = "<group>"; };
		8754E00B287DA3C400C80CE8 /* Assets.xcassets */ = {isa = PBXFileReference; lastKnownFileType = folder.assetcatalog; path = Assets.xcassets; sourceTree = "<group>"; };
		8754E00E287DA3C400C80CE8 /* Base */ = {isa = PBXFileReference; lastKnownFileType = file.storyboard; name = Base; path = Base.lproj/LaunchScreen.storyboard; sourceTree = "<group>"; };
		8754E010287DA3C400C80CE8 /* Info.plist */ = {isa = PBXFileReference; lastKnownFileType = text.plist.xml; path = Info.plist; sourceTree = "<group>"; };
		8754E015287DA3C400C80CE8 /* VIPTests.xctest */ = {isa = PBXFileReference; explicitFileType = wrapper.cfbundle; includeInIndex = 0; path = VIPTests.xctest; sourceTree = BUILT_PRODUCTS_DIR; };
		8754E019287DA3C400C80CE8 /* VIPTests.swift */ = {isa = PBXFileReference; lastKnownFileType = sourcecode.swift; path = VIPTests.swift; sourceTree = "<group>"; };
		8754E01F287DA3C400C80CE8 /* VIPUITests.xctest */ = {isa = PBXFileReference; explicitFileType = wrapper.cfbundle; includeInIndex = 0; path = VIPUITests.xctest; sourceTree = BUILT_PRODUCTS_DIR; };
		8754E023287DA3C400C80CE8 /* VIPUITests.swift */ = {isa = PBXFileReference; lastKnownFileType = sourcecode.swift; path = VIPUITests.swift; sourceTree = "<group>"; };
		8754E025287DA3C400C80CE8 /* VIPUITestsLaunchTests.swift */ = {isa = PBXFileReference; lastKnownFileType = sourcecode.swift; path = VIPUITestsLaunchTests.swift; sourceTree = "<group>"; };
		8754E033287DA3E300C80CE8 /* AboboraViewController.swift */ = {isa = PBXFileReference; lastKnownFileType = sourcecode.swift; path = AboboraViewController.swift; sourceTree = "<group>"; };
		8754E035287DA3EE00C80CE8 /* AboboraInteractor.swift */ = {isa = PBXFileReference; lastKnownFileType = sourcecode.swift; path = AboboraInteractor.swift; sourceTree = "<group>"; };
		8754E037287DA3F900C80CE8 /* AboboraPresenter.swift */ = {isa = PBXFileReference; lastKnownFileType = sourcecode.swift; path = AboboraPresenter.swift; sourceTree = "<group>"; };
		8754E039287DA40000C80CE8 /* AboboraCoordinator.swift */ = {isa = PBXFileReference; lastKnownFileType = sourcecode.swift; path = AboboraCoordinator.swift; sourceTree = "<group>"; };
		8754E03B287DA40900C80CE8 /* AboboraService.swift */ = {isa = PBXFileReference; lastKnownFileType = sourcecode.swift; path = AboboraService.swift; sourceTree = "<group>"; };
		8754E03D287DA41300C80CE8 /* AboboraFactory.swift */ = {isa = PBXFileReference; lastKnownFileType = sourcecode.swift; path = AboboraFactory.swift; sourceTree = "<group>"; };
/* End PBXFileReference section */

/* Begin PBXFrameworksBuildPhase section */
		8754DFFC287DA3C300C80CE8 /* Frameworks */ = {
			isa = PBXFrameworksBuildPhase;
			buildActionMask = 2147483647;
			files = (
			);
			runOnlyForDeploymentPostprocessing = 0;
		};
		8754E012287DA3C400C80CE8 /* Frameworks */ = {
			isa = PBXFrameworksBuildPhase;
			buildActionMask = 2147483647;
			files = (
			);
			runOnlyForDeploymentPostprocessing = 0;
		};
		8754E01C287DA3C400C80CE8 /* Frameworks */ = {
			isa = PBXFrameworksBuildPhase;
			buildActionMask = 2147483647;
			files = (
			);
			runOnlyForDeploymentPostprocessing = 0;
		};
/* End PBXFrameworksBuildPhase section */

/* Begin PBXGroup section */
		8754DFF6287DA3C300C80CE8 = {
			isa = PBXGroup;
			children = (
				8754E001287DA3C300C80CE8 /* VIP */,
				8754E018287DA3C400C80CE8 /* VIPTests */,
				8754E022287DA3C400C80CE8 /* VIPUITests */,
				8754E000287DA3C300C80CE8 /* Products */,
			);
			sourceTree = "<group>";
		};
		8754E000287DA3C300C80CE8 /* Products */ = {
			isa = PBXGroup;
			children = (
				8754DFFF287DA3C300C80CE8 /* VIP.app */,
				8754E015287DA3C400C80CE8 /* VIPTests.xctest */,
				8754E01F287DA3C400C80CE8 /* VIPUITests.xctest */,
			);
			name = Products;
			sourceTree = "<group>";
		};
		8754E001287DA3C300C80CE8 /* VIP */ = {
			isa = PBXGroup;
			children = (
				8754E032287DA3C800C80CE8 /* Scenes */,
				8754E002287DA3C300C80CE8 /* AppDelegate.swift */,
				8754E004287DA3C300C80CE8 /* SceneDelegate.swift */,
				8754E006287DA3C300C80CE8 /* ViewController.swift */,
				8754E008287DA3C300C80CE8 /* Main.storyboard */,
				8754E00B287DA3C400C80CE8 /* Assets.xcassets */,
				8754E00D287DA3C400C80CE8 /* LaunchScreen.storyboard */,
				8754E010287DA3C400C80CE8 /* Info.plist */,
			);
			path = VIP;
			sourceTree = "<group>";
		};
		8754E018287DA3C400C80CE8 /* VIPTests */ = {
			isa = PBXGroup;
			children = (
				8754E019287DA3C400C80CE8 /* VIPTests.swift */,
			);
			path = VIPTests;
			sourceTree = "<group>";
		};
		8754E022287DA3C400C80CE8 /* VIPUITests */ = {
			isa = PBXGroup;
			children = (
				8754E023287DA3C400C80CE8 /* VIPUITests.swift */,
				8754E025287DA3C400C80CE8 /* VIPUITestsLaunchTests.swift */,
			);
			path = VIPUITests;
			sourceTree = "<group>";
		};
		8754E032287DA3C800C80CE8 /* Scenes */ = {
			isa = PBXGroup;
			children = (
				8754E033287DA3E300C80CE8 /* AboboraViewController.swift */,
				8754E035287DA3EE00C80CE8 /* AboboraInteractor.swift */,
				8754E037287DA3F900C80CE8 /* AboboraPresenter.swift */,
				8754E039287DA40000C80CE8 /* AboboraCoordinator.swift */,
				8754E03B287DA40900C80CE8 /* AboboraService.swift */,
				8754E03D287DA41300C80CE8 /* AboboraFactory.swift */,
			);
			path = Scenes;
			sourceTree = "<group>";
		};
/* End PBXGroup section */

/* Begin PBXNativeTarget section */
		8754DFFE287DA3C300C80CE8 /* VIP */ = {
			isa = PBXNativeTarget;
			buildConfigurationList = 8754E029287DA3C400C80CE8 /* Build configuration list for PBXNativeTarget "VIP" */;
			buildPhases = (
				8754DFFB287DA3C300C80CE8 /* Sources */,
				8754DFFC287DA3C300C80CE8 /* Frameworks */,
				8754DFFD287DA3C300C80CE8 /* Resources */,
			);
			buildRules = (
			);
			dependencies = (
			);
			name = VIP;
			productName = VIP;
			productReference = 8754DFFF287DA3C300C80CE8 /* VIP.app */;
			productType = "com.apple.product-type.application";
		};
		8754E014287DA3C400C80CE8 /* VIPTests */ = {
			isa = PBXNativeTarget;
			buildConfigurationList = 8754E02C287DA3C400C80CE8 /* Build configuration list for PBXNativeTarget "VIPTests" */;
			buildPhases = (
				8754E011287DA3C400C80CE8 /* Sources */,
				8754E012287DA3C400C80CE8 /* Frameworks */,
				8754E013287DA3C400C80CE8 /* Resources */,
			);
			buildRules = (
			);
			dependencies = (
				8754E017287DA3C400C80CE8 /* PBXTargetDependency */,
			);
			name = VIPTests;
			productName = VIPTests;
			productReference = 8754E015287DA3C400C80CE8 /* VIPTests.xctest */;
			productType = "com.apple.product-type.bundle.unit-test";
		};
		8754E01E287DA3C400C80CE8 /* VIPUITests */ = {
			isa = PBXNativeTarget;
			buildConfigurationList = 8754E02F287DA3C400C80CE8 /* Build configuration list for PBXNativeTarget "VIPUITests" */;
			buildPhases = (
				8754E01B287DA3C400C80CE8 /* Sources */,
				8754E01C287DA3C400C80CE8 /* Frameworks */,
				8754E01D287DA3C400C80CE8 /* Resources */,
			);
			buildRules = (
			);
			dependencies = (
				8754E021287DA3C400C80CE8 /* PBXTargetDependency */,
			);
			name = VIPUITests;
			productName = VIPUITests;
			productReference = 8754E01F287DA3C400C80CE8 /* VIPUITests.xctest */;
			productType = "com.apple.product-type.bundle.ui-testing";
		};
/* End PBXNativeTarget section */

/* Begin PBXProject section */
		8754DFF7287DA3C300C80CE8 /* Project object */ = {
			isa = PBXProject;
			attributes = {
				BuildIndependentTargetsInParallel = 1;
				LastSwiftUpdateCheck = 1340;
				LastUpgradeCheck = 1340;
				TargetAttributes = {
					8754DFFE287DA3C300C80CE8 = {
						CreatedOnToolsVersion = 13.4.1;
					};
					8754E014287DA3C400C80CE8 = {
						CreatedOnToolsVersion = 13.4.1;
						TestTargetID = 8754DFFE287DA3C300C80CE8;
					};
					8754E01E287DA3C400C80CE8 = {
						CreatedOnToolsVersion = 13.4.1;
						TestTargetID = 8754DFFE287DA3C300C80CE8;
					};
				};
			};
			buildConfigurationList = 8754DFFA287DA3C300C80CE8 /* Build configuration list for PBXProject "VIP" */;
			compatibilityVersion = "Xcode 13.0";
			developmentRegion = en;
			hasScannedForEncodings = 0;
			knownRegions = (
				en,
				Base,
			);
			mainGroup = 8754DFF6287DA3C300C80CE8;
			productRefGroup = 8754E000287DA3C300C80CE8 /* Products */;
			projectDirPath = "";
			projectRoot = "";
			targets = (
				8754DFFE287DA3C300C80CE8 /* VIP */,
				8754E014287DA3C400C80CE8 /* VIPTests */,
				8754E01E287DA3C400C80CE8 /* VIPUITests */,
			);
		};
/* End PBXProject section */

/* Begin PBXResourcesBuildPhase section */
		8754DFFD287DA3C300C80CE8 /* Resources */ = {
			isa = PBXResourcesBuildPhase;
			buildActionMask = 2147483647;
			files = (
				8754E00F287DA3C400C80CE8 /* LaunchScreen.storyboard in Resources */,
				8754E00C287DA3C400C80CE8 /* Assets.xcassets in Resources */,
				8754E00A287DA3C300C80CE8 /* Main.storyboard in Resources */,
			);
			runOnlyForDeploymentPostprocessing = 0;
		};
		8754E013287DA3C400C80CE8 /* Resources */ = {
			isa = PBXResourcesBuildPhase;
			buildActionMask = 2147483647;
			files = (
			);
			runOnlyForDeploymentPostprocessing = 0;
		};
		8754E01D287DA3C400C80CE8 /* Resources */ = {
			isa = PBXResourcesBuildPhase;
			buildActionMask = 2147483647;
			files = (
			);
			runOnlyForDeploymentPostprocessing = 0;
		};
/* End PBXResourcesBuildPhase section */

/* Begin PBXSourcesBuildPhase section */
		8754DFFB287DA3C300C80CE8 /* Sources */ = {
			isa = PBXSourcesBuildPhase;
			buildActionMask = 2147483647;
			files = (
				8754E007287DA3C300C80CE8 /* ViewController.swift in Sources */,
				8754E003287DA3C300C80CE8 /* AppDelegate.swift in Sources */,
				8754E03A287DA40000C80CE8 /* AboboraCoordinator.swift in Sources */,
				8754E005287DA3C300C80CE8 /* SceneDelegate.swift in Sources */,
				8754E034287DA3E300C80CE8 /* AboboraViewController.swift in Sources */,
				8754E036287DA3EE00C80CE8 /* AboboraInteractor.swift in Sources */,
				8754E03E287DA41300C80CE8 /* AboboraFactory.swift in Sources */,
				8754E03C287DA40900C80CE8 /* AboboraService.swift in Sources */,
				8754E038287DA3F900C80CE8 /* AboboraPresenter.swift in Sources */,
			);
			runOnlyForDeploymentPostprocessing = 0;
		};
		8754E011287DA3C400C80CE8 /* Sources */ = {
			isa = PBXSourcesBuildPhase;
			buildActionMask = 2147483647;
			files = (
				8754E01A287DA3C400C80CE8 /* VIPTests.swift in Sources */,
			);
			runOnlyForDeploymentPostprocessing = 0;
		};
		8754E01B287DA3C400C80CE8 /* Sources */ = {
			isa = PBXSourcesBuildPhase;
			buildActionMask = 2147483647;
			files = (
				8754E026287DA3C400C80CE8 /* VIPUITestsLaunchTests.swift in Sources */,
				8754E024287DA3C400C80CE8 /* VIPUITests.swift in Sources */,
			);
			runOnlyForDeploymentPostprocessing = 0;
		};
/* End PBXSourcesBuildPhase section */

/* Begin PBXTargetDependency section */
		8754E017287DA3C400C80CE8 /* PBXTargetDependency */ = {
			isa = PBXTargetDependency;
			target = 8754DFFE287DA3C300C80CE8 /* VIP */;
			targetProxy = 8754E016287DA3C400C80CE8 /* PBXContainerItemProxy */;
		};
		8754E021287DA3C400C80CE8 /* PBXTargetDependency */ = {
			isa = PBXTargetDependency;
			target = 8754DFFE287DA3C300C80CE8 /* VIP */;
			targetProxy = 8754E020287DA3C400C80CE8 /* PBXContainerItemProxy */;
		};
/* End PBXTargetDependency section */

/* Begin PBXVariantGroup section */
		8754E008287DA3C300C80CE8 /* Main.storyboard */ = {
			isa = PBXVariantGroup;
			children = (
				8754E009287DA3C300C80CE8 /* Base */,
			);
			name = Main.storyboard;
			sourceTree = "<group>";
		};
		8754E00D287DA3C400C80CE8 /* LaunchScreen.storyboard */ = {
			isa = PBXVariantGroup;
			children = (
				8754E00E287DA3C400C80CE8 /* Base */,
			);
			name = LaunchScreen.storyboard;
			sourceTree = "<group>";
		};
/* End PBXVariantGroup section */

/* Begin XCBuildConfiguration section */
		8754E027287DA3C400C80CE8 /* Debug */ = {
			isa = XCBuildConfiguration;
			buildSettings = {
				ALWAYS_SEARCH_USER_PATHS = NO;
				CLANG_ANALYZER_NONNULL = YES;
				CLANG_ANALYZER_NUMBER_OBJECT_CONVERSION = YES_AGGRESSIVE;
				CLANG_CXX_LANGUAGE_STANDARD = "gnu++17";
				CLANG_ENABLE_MODULES = YES;
				CLANG_ENABLE_OBJC_ARC = YES;
				CLANG_ENABLE_OBJC_WEAK = YES;
				CLANG_WARN_BLOCK_CAPTURE_AUTORELEASING = YES;
				CLANG_WARN_BOOL_CONVERSION = YES;
				CLANG_WARN_COMMA = YES;
				CLANG_WARN_CONSTANT_CONVERSION = YES;
				CLANG_WARN_DEPRECATED_OBJC_IMPLEMENTATIONS = YES;
				CLANG_WARN_DIRECT_OBJC_ISA_USAGE = YES_ERROR;
				CLANG_WARN_DOCUMENTATION_COMMENTS = YES;
				CLANG_WARN_EMPTY_BODY = YES;
				CLANG_WARN_ENUM_CONVERSION = YES;
				CLANG_WARN_INFINITE_RECURSION = YES;
				CLANG_WARN_INT_CONVERSION = YES;
				CLANG_WARN_NON_LITERAL_NULL_CONVERSION = YES;
				CLANG_WARN_OBJC_IMPLICIT_RETAIN_SELF = YES;
				CLANG_WARN_OBJC_LITERAL_CONVERSION = YES;
				CLANG_WARN_OBJC_ROOT_CLASS = YES_ERROR;
				CLANG_WARN_QUOTED_INCLUDE_IN_FRAMEWORK_HEADER = YES;
				CLANG_WARN_RANGE_LOOP_ANALYSIS = YES;
				CLANG_WARN_STRICT_PROTOTYPES = YES;
				CLANG_WARN_SUSPICIOUS_MOVE = YES;
				CLANG_WARN_UNGUARDED_AVAILABILITY = YES_AGGRESSIVE;
				CLANG_WARN_UNREACHABLE_CODE = YES;
				CLANG_WARN__DUPLICATE_METHOD_MATCH = YES;
				COPY_PHASE_STRIP = NO;
				DEBUG_INFORMATION_FORMAT = dwarf;
				ENABLE_STRICT_OBJC_MSGSEND = YES;
				ENABLE_TESTABILITY = YES;
				GCC_C_LANGUAGE_STANDARD = gnu11;
				GCC_DYNAMIC_NO_PIC = NO;
				GCC_NO_COMMON_BLOCKS = YES;
				GCC_OPTIMIZATION_LEVEL = 0;
				GCC_PREPROCESSOR_DEFINITIONS = (
					"DEBUG=1",
					"$(inherited)",
				);
				GCC_WARN_64_TO_32_BIT_CONVERSION = YES;
				GCC_WARN_ABOUT_RETURN_TYPE = YES_ERROR;
				GCC_WARN_UNDECLARED_SELECTOR = YES;
				GCC_WARN_UNINITIALIZED_AUTOS = YES_AGGRESSIVE;
				GCC_WARN_UNUSED_FUNCTION = YES;
				GCC_WARN_UNUSED_VARIABLE = YES;
				IPHONEOS_DEPLOYMENT_TARGET = 15.5;
				MTL_ENABLE_DEBUG_INFO = INCLUDE_SOURCE;
				MTL_FAST_MATH = YES;
				ONLY_ACTIVE_ARCH = YES;
				SDKROOT = iphoneos;
				SWIFT_ACTIVE_COMPILATION_CONDITIONS = DEBUG;
				SWIFT_OPTIMIZATION_LEVEL = "-Onone";
			};
			name = Debug;
		};
		8754E028287DA3C400C80CE8 /* Release */ = {
			isa = XCBuildConfiguration;
			buildSettings = {
				ALWAYS_SEARCH_USER_PATHS = NO;
				CLANG_ANALYZER_NONNULL = YES;
				CLANG_ANALYZER_NUMBER_OBJECT_CONVERSION = YES_AGGRESSIVE;
				CLANG_CXX_LANGUAGE_STANDARD = "gnu++17";
				CLANG_ENABLE_MODULES = YES;
				CLANG_ENABLE_OBJC_ARC = YES;
				CLANG_ENABLE_OBJC_WEAK = YES;
				CLANG_WARN_BLOCK_CAPTURE_AUTORELEASING = YES;
				CLANG_WARN_BOOL_CONVERSION = YES;
				CLANG_WARN_COMMA = YES;
				CLANG_WARN_CONSTANT_CONVERSION = YES;
				CLANG_WARN_DEPRECATED_OBJC_IMPLEMENTATIONS = YES;
				CLANG_WARN_DIRECT_OBJC_ISA_USAGE = YES_ERROR;
				CLANG_WARN_DOCUMENTATION_COMMENTS = YES;
				CLANG_WARN_EMPTY_BODY = YES;
				CLANG_WARN_ENUM_CONVERSION = YES;
				CLANG_WARN_INFINITE_RECURSION = YES;
				CLANG_WARN_INT_CONVERSION = YES;
				CLANG_WARN_NON_LITERAL_NULL_CONVERSION = YES;
				CLANG_WARN_OBJC_IMPLICIT_RETAIN_SELF = YES;
				CLANG_WARN_OBJC_LITERAL_CONVERSION = YES;
				CLANG_WARN_OBJC_ROOT_CLASS = YES_ERROR;
				CLANG_WARN_QUOTED_INCLUDE_IN_FRAMEWORK_HEADER = YES;
				CLANG_WARN_RANGE_LOOP_ANALYSIS = YES;
				CLANG_WARN_STRICT_PROTOTYPES = YES;
				CLANG_WARN_SUSPICIOUS_MOVE = YES;
				CLANG_WARN_UNGUARDED_AVAILABILITY = YES_AGGRESSIVE;
				CLANG_WARN_UNREACHABLE_CODE = YES;
				CLANG_WARN__DUPLICATE_METHOD_MATCH = YES;
				COPY_PHASE_STRIP = NO;
				DEBUG_INFORMATION_FORMAT = "dwarf-with-dsym";
				ENABLE_NS_ASSERTIONS = NO;
				ENABLE_STRICT_OBJC_MSGSEND = YES;
				GCC_C_LANGUAGE_STANDARD = gnu11;
				GCC_NO_COMMON_BLOCKS = YES;
				GCC_WARN_64_TO_32_BIT_CONVERSION = YES;
				GCC_WARN_ABOUT_RETURN_TYPE = YES_ERROR;
				GCC_WARN_UNDECLARED_SELECTOR = YES;
				GCC_WARN_UNINITIALIZED_AUTOS = YES_AGGRESSIVE;
				GCC_WARN_UNUSED_FUNCTION = YES;
				GCC_WARN_UNUSED_VARIABLE = YES;
				IPHONEOS_DEPLOYMENT_TARGET = 15.5;
				MTL_ENABLE_DEBUG_INFO = NO;
				MTL_FAST_MATH = YES;
				SDKROOT = iphoneos;
				SWIFT_COMPILATION_MODE = wholemodule;
				SWIFT_OPTIMIZATION_LEVEL = "-O";
				VALIDATE_PRODUCT = YES;
			};
			name = Release;
		};
		8754E02A287DA3C400C80CE8 /* Debug */ = {
			isa = XCBuildConfiguration;
			buildSettings = {
				ASSETCATALOG_COMPILER_APPICON_NAME = AppIcon;
				ASSETCATALOG_COMPILER_GLOBAL_ACCENT_COLOR_NAME = AccentColor;
				CODE_SIGN_STYLE = Automatic;
				CURRENT_PROJECT_VERSION = 1;
				DEVELOPMENT_TEAM = V2Y7UJ46VS;
				GENERATE_INFOPLIST_FILE = YES;
				INFOPLIST_FILE = VIP/Info.plist;
				INFOPLIST_KEY_UIApplicationSupportsIndirectInputEvents = YES;
				INFOPLIST_KEY_UILaunchStoryboardName = LaunchScreen;
				INFOPLIST_KEY_UIMainStoryboardFile = Main;
				INFOPLIST_KEY_UISupportedInterfaceOrientations_iPad = "UIInterfaceOrientationPortrait UIInterfaceOrientationPortraitUpsideDown UIInterfaceOrientationLandscapeLeft UIInterfaceOrientationLandscapeRight";
				INFOPLIST_KEY_UISupportedInterfaceOrientations_iPhone = "UIInterfaceOrientationPortrait UIInterfaceOrientationLandscapeLeft UIInterfaceOrientationLandscapeRight";
				LD_RUNPATH_SEARCH_PATHS = (
					"$(inherited)",
					"@executable_path/Frameworks",
				);
				MARKETING_VERSION = 1.0;
				PRODUCT_BUNDLE_IDENTIFIER = muitos.VIP;
				PRODUCT_NAME = "$(TARGET_NAME)";
				SWIFT_EMIT_LOC_STRINGS = YES;
				SWIFT_VERSION = 5.0;
				TARGETED_DEVICE_FAMILY = "1,2";
			};
			name = Debug;
		};
		8754E02B287DA3C400C80CE8 /* Release */ = {
			isa = XCBuildConfiguration;
			buildSettings = {
				ASSETCATALOG_COMPILER_APPICON_NAME = AppIcon;
				ASSETCATALOG_COMPILER_GLOBAL_ACCENT_COLOR_NAME = AccentColor;
				CODE_SIGN_STYLE = Automatic;
				CURRENT_PROJECT_VERSION = 1;
				DEVELOPMENT_TEAM = V2Y7UJ46VS;
				GENERATE_INFOPLIST_FILE = YES;
				INFOPLIST_FILE = VIP/Info.plist;
				INFOPLIST_KEY_UIApplicationSupportsIndirectInputEvents = YES;
				INFOPLIST_KEY_UILaunchStoryboardName = LaunchScreen;
				INFOPLIST_KEY_UIMainStoryboardFile = Main;
				INFOPLIST_KEY_UISupportedInterfaceOrientations_iPad = "UIInterfaceOrientationPortrait UIInterfaceOrientationPortraitUpsideDown UIInterfaceOrientationLandscapeLeft UIInterfaceOrientationLandscapeRight";
				INFOPLIST_KEY_UISupportedInterfaceOrientations_iPhone = "UIInterfaceOrientationPortrait UIInterfaceOrientationLandscapeLeft UIInterfaceOrientationLandscapeRight";
				LD_RUNPATH_SEARCH_PATHS = (
					"$(inherited)",
					"@executable_path/Frameworks",
				);
				MARKETING_VERSION = 1.0;
				PRODUCT_BUNDLE_IDENTIFIER = muitos.VIP;
				PRODUCT_NAME = "$(TARGET_NAME)";
				SWIFT_EMIT_LOC_STRINGS = YES;
				SWIFT_VERSION = 5.0;
				TARGETED_DEVICE_FAMILY = "1,2";
			};
			name = Release;
		};
		8754E02D287DA3C400C80CE8 /* Debug */ = {
			isa = XCBuildConfiguration;
			buildSettings = {
				ALWAYS_EMBED_SWIFT_STANDARD_LIBRARIES = YES;
				BUNDLE_LOADER = "$(TEST_HOST)";
				CODE_SIGN_STYLE = Automatic;
				CURRENT_PROJECT_VERSION = 1;
				DEVELOPMENT_TEAM = V2Y7UJ46VS;
				GENERATE_INFOPLIST_FILE = YES;
				IPHONEOS_DEPLOYMENT_TARGET = 15.5;
				MARKETING_VERSION = 1.0;
				PRODUCT_BUNDLE_IDENTIFIER = muitos.VIPTests;
				PRODUCT_NAME = "$(TARGET_NAME)";
				SWIFT_EMIT_LOC_STRINGS = NO;
				SWIFT_VERSION = 5.0;
				TARGETED_DEVICE_FAMILY = "1,2";
				TEST_HOST = "$(BUILT_PRODUCTS_DIR)/VIP.app/VIP";
			};
			name = Debug;
		};
		8754E02E287DA3C400C80CE8 /* Release */ = {
			isa = XCBuildConfiguration;
			buildSettings = {
				ALWAYS_EMBED_SWIFT_STANDARD_LIBRARIES = YES;
				BUNDLE_LOADER = "$(TEST_HOST)";
				CODE_SIGN_STYLE = Automatic;
				CURRENT_PROJECT_VERSION = 1;
				DEVELOPMENT_TEAM = V2Y7UJ46VS;
				GENERATE_INFOPLIST_FILE = YES;
				IPHONEOS_DEPLOYMENT_TARGET = 15.5;
				MARKETING_VERSION = 1.0;
				PRODUCT_BUNDLE_IDENTIFIER = muitos.VIPTests;
				PRODUCT_NAME = "$(TARGET_NAME)";
				SWIFT_EMIT_LOC_STRINGS = NO;
				SWIFT_VERSION = 5.0;
				TARGETED_DEVICE_FAMILY = "1,2";
				TEST_HOST = "$(BUILT_PRODUCTS_DIR)/VIP.app/VIP";
			};
			name = Release;
		};
		8754E030287DA3C400C80CE8 /* Debug */ = {
			isa = XCBuildConfiguration;
			buildSettings = {
				ALWAYS_EMBED_SWIFT_STANDARD_LIBRARIES = YES;
				CODE_SIGN_STYLE = Automatic;
				CURRENT_PROJECT_VERSION = 1;
				DEVELOPMENT_TEAM = V2Y7UJ46VS;
				GENERATE_INFOPLIST_FILE = YES;
				MARKETING_VERSION = 1.0;
				PRODUCT_BUNDLE_IDENTIFIER = muitos.VIPUITests;
				PRODUCT_NAME = "$(TARGET_NAME)";
				SWIFT_EMIT_LOC_STRINGS = NO;
				SWIFT_VERSION = 5.0;
				TARGETED_DEVICE_FAMILY = "1,2";
				TEST_TARGET_NAME = VIP;
			};
			name = Debug;
		};
		8754E031287DA3C400C80CE8 /* Release */ = {
			isa = XCBuildConfiguration;
			buildSettings = {
				ALWAYS_EMBED_SWIFT_STANDARD_LIBRARIES = YES;
				CODE_SIGN_STYLE = Automatic;
				CURRENT_PROJECT_VERSION = 1;
				DEVELOPMENT_TEAM = V2Y7UJ46VS;
				GENERATE_INFOPLIST_FILE = YES;
				MARKETING_VERSION = 1.0;
				PRODUCT_BUNDLE_IDENTIFIER = muitos.VIPUITests;
				PRODUCT_NAME = "$(TARGET_NAME)";
				SWIFT_EMIT_LOC_STRINGS = NO;
				SWIFT_VERSION = 5.0;
				TARGETED_DEVICE_FAMILY = "1,2";
				TEST_TARGET_NAME = VIP;
			};
			name = Release;
		};
/* End XCBuildConfiguration section */

/* Begin XCConfigurationList section */
		8754DFFA287DA3C300C80CE8 /* Build configuration list for PBXProject "VIP" */ = {
			isa = XCConfigurationList;
			buildConfigurations = (
				8754E027287DA3C400C80CE8 /* Debug */,
				8754E028287DA3C400C80CE8 /* Release */,
			);
			defaultConfigurationIsVisible = 0;
			defaultConfigurationName = Release;
		};
		8754E029287DA3C400C80CE8 /* Build configuration list for PBXNativeTarget "VIP" */ = {
			isa = XCConfigurationList;
			buildConfigurations = (
				8754E02A287DA3C400C80CE8 /* Debug */,
				8754E02B287DA3C400C80CE8 /* Release */,
			);
			defaultConfigurationIsVisible = 0;
			defaultConfigurationName = Release;
		};
		8754E02C287DA3C400C80CE8 /* Build configuration list for PBXNativeTarget "VIPTests" */ = {
			isa = XCConfigurationList;
			buildConfigurations = (
				8754E02D287DA3C400C80CE8 /* Debug */,
				8754E02E287DA3C400C80CE8 /* Release */,
			);
			defaultConfigurationIsVisible = 0;
			defaultConfigurationName = Release;
		};
		8754E02F287DA3C400C80CE8 /* Build configuration list for PBXNativeTarget "VIPUITests" */ = {
			isa = XCConfigurationList;
			buildConfigurations = (
				8754E030287DA3C400C80CE8 /* Debug */,
				8754E031287DA3C400C80CE8 /* Release */,
			);
			defaultConfigurationIsVisible = 0;
			defaultConfigurationName = Release;
		};
/* End XCConfigurationList section */
	};
	rootObject = 8754DFF7287DA3C300C80CE8 /* Project object */;
}
